#MicroXplorer Configuration settings - do not modify
CAN.BS1=CAN_BS1_1TQ
CAN.BS2=CAN_BS2_1TQ
CAN.CalculateTimeBit=1000
CAN.CalculateTimeQuantum=333.3333333333333
CAN.IPParameters=CalculateTimeQuantum,CalculateTimeBit,BS1,BS2
File.Version=6
KeepUserPlacement=false
Mcu.Family=STM32F0
Mcu.IP0=CAN
Mcu.IP1=NVIC
Mcu.IP2=RCC
Mcu.IP3=SYS
Mcu.IP4=USART4
Mcu.IPNb=5
Mcu.Name=STM32F072C(8-B)Ux
Mcu.Package=UFQFPN48
Mcu.Pin0=PA0
Mcu.Pin1=PA1
Mcu.Pin2=PA11
Mcu.Pin3=PA12
Mcu.Pin4=PA13
Mcu.Pin5=PA14
Mcu.PinsNb=6
Mcu.UserConstants=
Mcu.UserName=STM32F072CBUx
MxCube.Version=4.20.0
MxDb.Version=DB.4.0.200
NVIC.HardFault_IRQn=true\:0\:0\:false\:false\:true
NVIC.NonMaskableInt_IRQn=true\:0\:0\:false\:false\:true
NVIC.PendSV_IRQn=true\:0\:0\:false\:false\:true
NVIC.SVC_IRQn=true\:0\:0\:false\:false\:true
NVIC.SysTick_IRQn=true\:0\:0\:false\:false\:true
PA0.Mode=Asynchronous
PA0.Signal=USART4_TX
PA1.Mode=Asynchronous
PA1.Signal=USART4_RX
PA11.Mode=Master
PA11.Signal=CAN_RX
PA12.Mode=Master
PA12.Signal=CAN_TX
PA13.Mode=Serial_Wire
PA13.Signal=SYS_SWDIO
PA14.Mode=Serial_Wire
PA14.Signal=SYS_SWCLK
PCC.Checker=false
PCC.Line=STM32F0x2
PCC.MCU=STM32F072C(8-B)Ux
PCC.MXVersion=4.20.0
PCC.PartNumber=STM32F072CBUx
PCC.Seq0=0
PCC.Series=STM32F0
PCC.Temperature=25
PCC.Vdd=3.6
RCC.AHBFreq_Value=48000000
RCC.APB1Freq_Value=48000000
RCC.APB1TimFreq_Value=48000000
RCC.CECEnable=false
RCC.CECFreq_Value=32786.88524590164
RCC.ClockTypeHCLK=RCC_CLOCKTYPE_HCLK
RCC.ClockTypePCLK1=RCC_CLOCKTYPE_PCLK1
RCC.DATA_CACHE_ENABLE=0
RCC.EnableHSE=false
RCC.EnableHSERTCDevisor=false
RCC.EnableLSE=false
RCC.EnableLSERTC=false
RCC.EnableMCOMultDivisor=false
RCC.FCLKCortexFreq_Value=48000000
RCC.FamilyName=M
RCC.HCLKFreq_Value=48000000
RCC.HSEState=RCC_HSE_OFF
RCC.HSI14State=RCC_HSI14_OFF
RCC.HSI48State=RCC_HSI48_OFF
RCC.HSICECFreq_Value=32786.88524590164
RCC.HSIState=RCC_HSI_ON
RCC.I2C1Enable=false
RCC.I2SFreq_Value=48000000
RCC.INSTRUCTION_CACHE_ENABLE=0
RCC.IPParameters=AHBFreq_Value,APB1Freq_Value,APB1TimFreq_Value,CECEnable,CECFreq_Value,ClockTypeHCLK,ClockTypePCLK1,DATA_CACHE_ENABLE,EnableHSE,EnableHSERTCDevisor,EnableLSE,EnableLSERTC,EnableMCOMultDivisor,FCLKCortexFreq_Value,FamilyName,HCLKFreq_Value,HSEState,HSI14State,HSI48State,HSICECFreq_Value,HSIState,I2C1Enable,I2SFreq_Value,INSTRUCTION_CACHE_ENABLE,IWDGEnable,LSIState,MCOEnable,MCOFreq_Value,OscillatorTypeHSE,OscillatorTypeHSI,OscillatorTypeHSI14,OscillatorTypeLSI,PLLCLKFreq_Value,PLLMCOFreq_Value,PLLMUL,PLLSource,PLLState,RCC_PERIPHCLK_I2C1Var,RCC_PERIPHCLK_USART1Var,RCC_PERIPHCLK_USART2Var,RTCEnable,SYSCLKFreq_VALUE,SYSCLKSource,TimSysFreq_Value,USART1Enable,USART1Freq_Value,USART2Enable,USART2Freq_Value,USBEnable,VCOOutput2Freq_Value
RCC.IWDGEnable=false
RCC.LSIState=RCC_LSI_OFF
RCC.MCOEnable=false
RCC.MCOFreq_Value=48000000
RCC.OscillatorTypeHSE=
RCC.OscillatorTypeHSI=RCC_OSCILLATORTYPE_HSI
RCC.OscillatorTypeHSI14=RCC_OSCILLATORTYPE_HSI14
RCC.OscillatorTypeLSI=
RCC.PLLCLKFreq_Value=48000000
RCC.PLLMCOFreq_Value=48000000
RCC.PLLMUL=RCC_PLL_MUL6
RCC.PLLSource=RCC_PLLSOURCE_HSI
RCC.PLLState=RCC_PLL_ON
RCC.RCC_PERIPHCLK_I2C1Var=RCC_PERIPHCLK_I2C1
RCC.RCC_PERIPHCLK_USART1Var=RCC_PERIPHCLK_USART1
RCC.RCC_PERIPHCLK_USART2Var=RCC_PERIPHCLK_USART2
RCC.RTCEnable=false
RCC.SYSCLKFreq_VALUE=48000000
RCC.SYSCLKSource=RCC_SYSCLKSOURCE_PLLCLK
RCC.TimSysFreq_Value=48000000
RCC.USART1Enable=false
RCC.USART1Freq_Value=48000000
RCC.USART2Enable=false
RCC.USART2Freq_Value=48000000
RCC.USBEnable=false
RCC.VCOOutput2Freq_Value=8000000
USART4.HwFlowCtl-Asynchronous=UART_HWCONTROL_NONE
USART4.IPParameters=VirtualMode-Asynchronous,HwFlowCtl-Asynchronous
USART4.VirtualMode-Asynchronous=VM_ASYNC
