#MicroXplorer Configuration settings - do not modify
CAN1.BS1=CAN_BS1_10TQ
CAN1.BS2=CAN_BS2_7TQ
CAN1.CalculateTimeBit=1000
CAN1.CalculateTimeQuantum=55.55555555555556
CAN1.IPParameters=CalculateTimeQuantum,CalculateTimeBit,Prescaler,SJW,BS1,BS2
CAN1.Prescaler=2
CAN1.SJW=CAN_SJW_4TQ
CAN2.BS1=CAN_BS1_10TQ
CAN2.BS2=CAN_BS2_7TQ
CAN2.CalculateTimeBit=1000
CAN2.CalculateTimeQuantum=55.55555555555556
CAN2.IPParameters=CalculateTimeQuantum,CalculateTimeBit,Prescaler,BS2,BS1,SJW
CAN2.Prescaler=2
CAN2.SJW=CAN_SJW_4TQ
File.Version=6
KeepUserPlacement=false
Mcu.Family=STM32F1
Mcu.IP0=CAN1
Mcu.IP1=CAN2
Mcu.IP2=NVIC
Mcu.IP3=RCC
Mcu.IP4=RTC
Mcu.IP5=SPI1
Mcu.IP6=SYS
Mcu.IP7=USART1
Mcu.IPNb=8
Mcu.Name=STM32F107V(B-C)Tx
Mcu.Package=LQFP100
Mcu.Pin0=PA3
Mcu.Pin1=PA4
Mcu.Pin10=PA12
Mcu.Pin11=PA13
Mcu.Pin12=PA14
Mcu.Pin13=PB3
Mcu.Pin14=VP_RTC_VS_RTC_Activate
Mcu.Pin15=VP_RTC_VS_RTC_Calendar
Mcu.Pin16=VP_SYS_VS_Systick
Mcu.Pin2=PA5
Mcu.Pin3=PA6
Mcu.Pin4=PA7
Mcu.Pin5=PB12
Mcu.Pin6=PB13
Mcu.Pin7=PA9
Mcu.Pin8=PA10
Mcu.Pin9=PA11
Mcu.PinsNb=17
Mcu.UserConstants=
Mcu.UserName=STM32F107VCTx
MxCube.Version=4.22.0
MxDb.Version=DB.4.0.220
NVIC.BusFault_IRQn=true\:0\:0\:false\:false\:true
NVIC.CAN1_RX0_IRQn=true\:1\:0\:true\:false\:true
NVIC.CAN1_RX1_IRQn=true\:1\:0\:true\:false\:true
NVIC.CAN2_RX0_IRQn=true\:1\:0\:true\:false\:true
NVIC.CAN2_RX1_IRQn=true\:1\:0\:true\:false\:true
NVIC.DebugMonitor_IRQn=true\:0\:0\:false\:false\:true
NVIC.HardFault_IRQn=true\:0\:0\:false\:false\:true
NVIC.MemoryManagement_IRQn=true\:0\:0\:false\:false\:true
NVIC.NonMaskableInt_IRQn=true\:0\:0\:false\:false\:true
NVIC.PendSV_IRQn=true\:0\:0\:false\:false\:true
NVIC.PriorityGroup=NVIC_PRIORITYGROUP_4
NVIC.SVCall_IRQn=true\:0\:0\:false\:false\:true
NVIC.SysTick_IRQn=true\:0\:0\:false\:false\:true
NVIC.UsageFault_IRQn=true\:0\:0\:false\:false\:true
PA10.Mode=Asynchronous
PA10.Signal=USART1_RX
PA11.Mode=Master
PA11.Signal=CAN1_RX
PA12.Mode=Master
PA12.Signal=CAN1_TX
PA13.Mode=Trace_Asynchronous_SW
PA13.Signal=SYS_JTMS-SWDIO
PA14.Mode=Trace_Asynchronous_SW
PA14.Signal=SYS_JTCK-SWCLK
PA3.GPIOParameters=GPIO_PuPd
PA3.GPIO_PuPd=GPIO_NOPULL
PA3.Locked=true
PA3.Signal=GPIO_Input
PA4.Mode=NSS_Signal_Hard_Input
PA4.Signal=SPI1_NSS
PA5.Mode=Full_Duplex_Slave
PA5.Signal=SPI1_SCK
PA6.GPIOParameters=GPIO_ModeDefaultPP,GPIO_Speed
PA6.GPIO_ModeDefaultPP=GPIO_MODE_AF_PP
PA6.GPIO_Speed=GPIO_SPEED_FREQ_HIGH
PA6.Mode=Full_Duplex_Slave
PA6.Signal=SPI1_MISO
PA7.Mode=Full_Duplex_Slave
PA7.Signal=SPI1_MOSI
PA9.Mode=Asynchronous
PA9.Signal=USART1_TX
PB12.Mode=Slave
PB12.Signal=CAN2_RX
PB13.Mode=Slave
PB13.Signal=CAN2_TX
PB3.Mode=Trace_Asynchronous_SW
PB3.Signal=SYS_TRACESWO
PCC.Checker=false
PCC.Line=STM32F105/107
PCC.MCU=STM32F107V(B-C)Tx
PCC.PartNumber=STM32F107VCTx
PCC.Seq0=0
PCC.Series=STM32F1
PCC.Temperature=25
PCC.Vdd=3.3
PinOutPanel.RotationAngle=0
ProjectManager.AskForMigrate=true
ProjectManager.BackupPrevious=true
ProjectManager.CompilerOptimize=2
ProjectManager.ComputerToolchain=false
ProjectManager.CoupleFile=true
ProjectManager.CustomerFirmwarePackage=/Users/Emmet/STM32Cube/Repository/STM32Cube_FW_F1_V1.6.0
ProjectManager.DefaultFWLocation=true
ProjectManager.DeletePrevious=true
ProjectManager.DeviceId=STM32F107VCTx
ProjectManager.FirmwarePackage=STM32Cube FW_F1 V1.6.0
ProjectManager.FreePins=false
ProjectManager.HalAssertFull=false
ProjectManager.HeapSize=0x200
ProjectManager.KeepUserCode=true
ProjectManager.LastFirmware=true
ProjectManager.LibraryCopy=1
ProjectManager.PreviousToolchain=SW4STM32
ProjectManager.ProjectBuild=false
ProjectManager.ProjectFileName=Carlogs.ioc
ProjectManager.ProjectName=Carlogs
ProjectManager.StackSize=0x400
ProjectManager.TargetToolchain=SW4STM32
ProjectManager.ToolChainLocation=
ProjectManager.UnderRoot=true
ProjectManager.functionlistsort=1-MX_GPIO_Init-GPIO-false-HAL,2-SystemClock_Config-RCC-false-HAL,3-MX_CAN1_Init-CAN1-false-HAL,4-MX_CAN2_Init-CAN2-false-HAL,5-MX_RTC_Init-RTC-false-HAL,6-MX_SPI1_Init-SPI1-false-HAL,7-MX_USART1_UART_Init-USART1-false-HAL
RCC.ADCFreqValue=18000000
RCC.AHBFreq_Value=36000000
RCC.APB1Freq_Value=36000000
RCC.APB1TimFreq_Value=36000000
RCC.APB2Freq_Value=36000000
RCC.APB2TimFreq_Value=36000000
RCC.FCLKCortexFreq_Value=36000000
RCC.FamilyName=M
RCC.HCLKFreq_Value=36000000
RCC.I2S2Freq_Value=36000000
RCC.I2S3Freq_Value=36000000
RCC.IPParameters=ADCFreqValue,AHBFreq_Value,APB1Freq_Value,APB1TimFreq_Value,APB2Freq_Value,APB2TimFreq_Value,FCLKCortexFreq_Value,FamilyName,HCLKFreq_Value,I2S2Freq_Value,I2S3Freq_Value,MCOFreq_Value,PLLCLKFreq_Value,PLLMUL,PLLSourceVirtual,SYSCLKFreq_VALUE,SYSCLKSource,TimSysFreq_Value,USBFreq_Value
RCC.MCOFreq_Value=36000000
RCC.PLLCLKFreq_Value=36000000
RCC.PLLMUL=RCC_PLL_MUL9
RCC.PLLSourceVirtual=RCC_PLLSOURCE_HSI_DIV2
RCC.SYSCLKFreq_VALUE=36000000
RCC.SYSCLKSource=RCC_SYSCLKSOURCE_PLLCLK
RCC.TimSysFreq_Value=36000000
RCC.USBFreq_Value=24000000
SPI1.CalculateBaudRate=18.0 MBits/s
SPI1.Direction=SPI_DIRECTION_2LINES
SPI1.IPParameters=VirtualType,VirtualNSS,CalculateBaudRate,Mode,Direction
SPI1.Mode=SPI_MODE_SLAVE
SPI1.VirtualNSS=VM_NSSHARD
SPI1.VirtualType=VM_SLAVE
USART1.IPParameters=VirtualMode
USART1.VirtualMode=VM_ASYNC
VP_RTC_VS_RTC_Activate.Mode=RTC_Enabled
VP_RTC_VS_RTC_Activate.Signal=RTC_VS_RTC_Activate
VP_RTC_VS_RTC_Calendar.Mode=RTC_Calendar
VP_RTC_VS_RTC_Calendar.Signal=RTC_VS_RTC_Calendar
VP_SYS_VS_Systick.Mode=SysTick
VP_SYS_VS_Systick.Signal=SYS_VS_Systick
board=Carlogs
